
Microsoft Visual Studio Solution File, Format Version 12.00
# Visual Studio Version 16
VisualStudioVersion = 16.0.30503.244
MinimumVisualStudioVersion = 10.0.40219.1
Project("{8BC9CEB8-8B4A-11D0-8D11-00A0C91BC942}") = "25", "25\25.vcxproj", "{860BC13A-DBE7-4EC0-92FD-9E8D0FE211E4}"
EndProject
Global
	GlobalSection(SolutionConfigurationPlatforms) = preSolution
		Debug|x64 = Debug|x64
		Debug|x86 = Debug|x86
		Release|x64 = Release|x64
		Release|x86 = Release|x86
	EndGlobalSection
	GlobalSection(ProjectConfigurationPlatforms) = postSolution
		{860BC13A-DBE7-4EC0-92FD-9E8D0FE211E4}.Debug|x64.ActiveCfg = Debug|x64
		{860BC13A-DBE7-4EC0-92FD-9E8D0FE211E4}.Debug|x64.Build.0 = Debug|x64
		{860BC13A-DBE7-4EC0-92FD-9E8D0FE211E4}.Debug|x86.ActiveCfg = Debug|Win32
		{860BC13A-DBE7-4EC0-92FD-9E8D0FE211E4}.Debug|x86.Build.0 = Debug|Win32
		{860BC13A-DBE7-4EC0-92FD-9E8D0FE211E4}.Release|x64.ActiveCfg = Release|x64
		{860BC13A-DBE7-4EC0-92FD-9E8D0FE211E4}.Release|x64.Build.0 = Release|x64
		{860BC13A-DBE7-4EC0-92FD-9E8D0FE211E4}.Release|x86.ActiveCfg = Release|Win32
		{860BC13A-DBE7-4EC0-92FD-9E8D0FE211E4}.Release|x86.Build.0 = Release|Win32
	EndGlobalSection
	GlobalSection(SolutionProperties) = preSolution
		HideSolutionNode = FALSE
	EndGlobalSection
	GlobalSection(ExtensibilityGlobals) = postSolution
		SolutionGuid = {650DD884-FDFC-461C-B03F-C5E9BE6A5D7B}
	EndGlobalSection
EndGlobal
